
Microsoft Visual Studio Solution File, Format Version 12.00
# Visual Studio Version 17
VisualStudioVersion = 17.3.32804.467
MinimumVisualStudioVersion = 10.0.40219.1
Project("{FAE04EC0-301F-11D3-BF4B-00C04F79EFBC}") = "SurfSpotAPI", "SurfSpotAPI.csproj", "{336C6BA7-C817-4BA6-AE7C-6BEFB429FA21}"
EndProject
Global
	GlobalSection(SolutionConfigurationPlatforms) = preSolution
		Debug|Any CPU = Debug|Any CPU
		Release|Any CPU = Release|Any CPU
	EndGlobalSection
	GlobalSection(ProjectConfigurationPlatforms) = postSolution
		{336C6BA7-C817-4BA6-AE7C-6BEFB429FA21}.Debug|Any CPU.ActiveCfg = Debug|Any CPU
		{336C6BA7-C817-4BA6-AE7C-6BEFB429FA21}.Debug|Any CPU.Build.0 = Debug|Any CPU
		{336C6BA7-C817-4BA6-AE7C-6BEFB429FA21}.Release|Any CPU.ActiveCfg = Release|Any CPU
		{336C6BA7-C817-4BA6-AE7C-6BEFB429FA21}.Release|Any CPU.Build.0 = Release|Any CPU
	EndGlobalSection
	GlobalSection(SolutionProperties) = preSolution
		HideSolutionNode = FALSE
	EndGlobalSection
	GlobalSection(ExtensibilityGlobals) = postSolution
		SolutionGuid = {F54F4B47-82AA-428D-A327-2368F0853D68}
	EndGlobalSection
EndGlobal
